
Microsoft Visual Studio Solution File, Format Version 12.00
# Visual Studio Version 17
VisualStudioVersion = 17.8.34408.163
MinimumVisualStudioVersion = 10.0.40219.1
Project("{FAE04EC0-301F-11D3-BF4B-00C04F79EFBC}") = "Assignment-5 3.15 Arithmetic", "Assignment-5 3.15 Arithmetic.csproj", "{33BF56E2-E166-47C6-9CE2-27CABC425E9E}"
EndProject
Global
	GlobalSection(SolutionConfigurationPlatforms) = preSolution
		Debug|Any CPU = Debug|Any CPU
		Release|Any CPU = Release|Any CPU
	EndGlobalSection
	GlobalSection(ProjectConfigurationPlatforms) = postSolution
		{33BF56E2-E166-47C6-9CE2-27CABC425E9E}.Debug|Any CPU.ActiveCfg = Debug|Any CPU
		{33BF56E2-E166-47C6-9CE2-27CABC425E9E}.Debug|Any CPU.Build.0 = Debug|Any CPU
		{33BF56E2-E166-47C6-9CE2-27CABC425E9E}.Release|Any CPU.ActiveCfg = Release|Any CPU
		{33BF56E2-E166-47C6-9CE2-27CABC425E9E}.Release|Any CPU.Build.0 = Release|Any CPU
	EndGlobalSection
	GlobalSection(SolutionProperties) = preSolution
		HideSolutionNode = FALSE
	EndGlobalSection
	GlobalSection(ExtensibilityGlobals) = postSolution
		SolutionGuid = {A945F4F5-D283-4C3A-B840-1E410000D7D8}
	EndGlobalSection
EndGlobal
